// !$*UTF8*$!
{
	archiveVersion = 1;
	classes = {
	};
	objectVersion = 46;
	objects = {

/* Begin PBXBuildFile section */
		200AB33018848BF1002CCAD7 /* Foundation.framework in Frameworks */ = {isa = PBXBuildFile; fileRef = 200AB32F18848BF1002CCAD7 /* Foundation.framework */; };
		200AB33218848BF1002CCAD7 /* CoreGraphics.framework in Frameworks */ = {isa = PBXBuildFile; fileRef = 200AB33118848BF1002CCAD7 /* CoreGraphics.framework */; };
		200AB33418848BF1002CCAD7 /* UIKit.framework in Frameworks */ = {isa = PBXBuildFile; fileRef = 200AB33318848BF1002CCAD7 /* UIKit.framework */; };
		200AB33A18848BF1002CCAD7 /* InfoPlist.strings in Resources */ = {isa = PBXBuildFile; fileRef = 200AB33818848BF1002CCAD7 /* InfoPlist.strings */; };
		200AB33C18848BF1002CCAD7 /* main.m in Sources */ = {isa = PBXBuildFile; fileRef = 200AB33B18848BF1002CCAD7 /* main.m */; };
		200AB34018848BF1002CCAD7 /* CAMAppDelegate.m in Sources */ = {isa = PBXBuildFile; fileRef = 200AB33F18848BF1002CCAD7 /* CAMAppDelegate.m */; };
		200AB34318848BF1002CCAD7 /* Main.storyboard in Resources */ = {isa = PBXBuildFile; fileRef = 200AB34118848BF1002CCAD7 /* Main.storyboard */; };
		200AB34618848BF1002CCAD7 /* CAMViewController.m in Sources */ = {isa = PBXBuildFile; fileRef = 200AB34518848BF1002CCAD7 /* CAMViewController.m */; };
		200AB34818848BF2002CCAD7 /* Images.xcassets in Resources */ = {isa = PBXBuildFile; fileRef = 200AB34718848BF2002CCAD7 /* Images.xcassets */; };
		200AB34F18848BF2002CCAD7 /* XCTest.framework in Frameworks */ = {isa = PBXBuildFile; fileRef = 200AB34E18848BF2002CCAD7 /* XCTest.framework */; };
		200AB35018848BF2002CCAD7 /* Foundation.framework in Frameworks */ = {isa = PBXBuildFile; fileRef = 200AB32F18848BF1002CCAD7 /* Foundation.framework */; };
		200AB35118848BF2002CCAD7 /* UIKit.framework in Frameworks */ = {isa = PBXBuildFile; fileRef = 200AB33318848BF1002CCAD7 /* UIKit.framework */; };
		200AB35918848BF2002CCAD7 /* InfoPlist.strings in Resources */ = {isa = PBXBuildFile; fileRef = 200AB35718848BF2002CCAD7 /* InfoPlist.strings */; };
		200AB35B18848BF2002CCAD7 /* RosterAppTests.m in Sources */ = {isa = PBXBuildFile; fileRef = 200AB35A18848BF2002CCAD7 /* RosterAppTests.m */; };
		200AB3661884941C002CCAD7 /* DetailsVC.m in Sources */ = {isa = PBXBuildFile; fileRef = 200AB3651884941C002CCAD7 /* DetailsVC.m */; };
		200CE98E1885DBFB0061AF5E /* Student.m in Sources */ = {isa = PBXBuildFile; fileRef = 200CE98D1885DBFB0061AF5E /* Student.m */; };
		200CE9911885DCAE0061AF5E /* DataSource.m in Sources */ = {isa = PBXBuildFile; fileRef = 200CE9901885DCAE0061AF5E /* DataSource.m */; };
		200CE9941885DDB60061AF5E /* Person.m in Sources */ = {isa = PBXBuildFile; fileRef = 200CE9931885DDB60061AF5E /* Person.m */; };
		200CE9971885DF4F0061AF5E /* Teacher.m in Sources */ = {isa = PBXBuildFile; fileRef = 200CE9961885DF4F0061AF5E /* Teacher.m */; };
		200CE99C1885EDCE0061AF5E /* Bootcamp.plist in Resources */ = {isa = PBXBuildFile; fileRef = 200CE99B1885EDCE0061AF5E /* Bootcamp.plist */; };
		200CEB6F1888DCB70061AF5E /* NoPhotoIcon.jpeg in Resources */ = {isa = PBXBuildFile; fileRef = 200CEB6E1888DCB70061AF5E /* NoPhotoIcon.jpeg */; };
/* End PBXBuildFile section */

/* Begin PBXContainerItemProxy section */
		200AB35218848BF2002CCAD7 /* PBXContainerItemProxy */ = {
			isa = PBXContainerItemProxy;
			containerPortal = 200AB32418848BF1002CCAD7 /* Project object */;
			proxyType = 1;
			remoteGlobalIDString = 200AB32B18848BF1002CCAD7;
			remoteInfo = RosterApp;
		};
/* End PBXContainerItemProxy section */

/* Begin PBXFileReference section */
		200AB32C18848BF1002CCAD7 /* RosterApp.app */ = {isa = PBXFileReference; explicitFileType = wrapper.application; includeInIndex = 0; path = RosterApp.app; sourceTree = BUILT_PRODUCTS_DIR; };
		200AB32F18848BF1002CCAD7 /* Foundation.framework */ = {isa = PBXFileReference; lastKnownFileType = wrapper.framework; name = Foundation.framework; path = System/Library/Frameworks/Foundation.framework; sourceTree = SDKROOT; };
		200AB33118848BF1002CCAD7 /* CoreGraphics.framework */ = {isa = PBXFileReference; lastKnownFileType = wrapper.framework; name = CoreGraphics.framework; path = System/Library/Frameworks/CoreGraphics.framework; sourceTree = SDKROOT; };
		200AB33318848BF1002CCAD7 /* UIKit.framework */ = {isa = PBXFileReference; lastKnownFileType = wrapper.framework; name = UIKit.framework; path = System/Library/Frameworks/UIKit.framework; sourceTree = SDKROOT; };
		200AB33718848BF1002CCAD7 /* RosterApp-Info.plist */ = {isa = PBXFileReference; lastKnownFileType = text.plist.xml; path = "RosterApp-Info.plist"; sourceTree = "<group>"; };
		200AB33918848BF1002CCAD7 /* en */ = {isa = PBXFileReference; lastKnownFileType = text.plist.strings; name = en; path = en.lproj/InfoPlist.strings; sourceTree = "<group>"; };
		200AB33B18848BF1002CCAD7 /* main.m */ = {isa = PBXFileReference; lastKnownFileType = sourcecode.c.objc; path = main.m; sourceTree = "<group>"; };
		200AB33D18848BF1002CCAD7 /* RosterApp-Prefix.pch */ = {isa = PBXFileReference; lastKnownFileType = sourcecode.c.h; path = "RosterApp-Prefix.pch"; sourceTree = "<group>"; };
		200AB33E18848BF1002CCAD7 /* CAMAppDelegate.h */ = {isa = PBXFileReference; lastKnownFileType = sourcecode.c.h; path = CAMAppDelegate.h; sourceTree = "<group>"; };
		200AB33F18848BF1002CCAD7 /* CAMAppDelegate.m */ = {isa = PBXFileReference; lastKnownFileType = sourcecode.c.objc; path = CAMAppDelegate.m; sourceTree = "<group>"; };
		200AB34218848BF1002CCAD7 /* Base */ = {isa = PBXFileReference; lastKnownFileType = file.storyboard; name = Base; path = Base.lproj/Main.storyboard; sourceTree = "<group>"; };
		200AB34418848BF1002CCAD7 /* CAMViewController.h */ = {isa = PBXFileReference; lastKnownFileType = sourcecode.c.h; path = CAMViewController.h; sourceTree = "<group>"; };
		200AB34518848BF1002CCAD7 /* CAMViewController.m */ = {isa = PBXFileReference; lastKnownFileType = sourcecode.c.objc; path = CAMViewController.m; sourceTree = "<group>"; };
		200AB34718848BF2002CCAD7 /* Images.xcassets */ = {isa = PBXFileReference; lastKnownFileType = folder.assetcatalog; path = Images.xcassets; sourceTree = "<group>"; };
		200AB34D18848BF2002CCAD7 /* RosterAppTests.xctest */ = {isa = PBXFileReference; explicitFileType = wrapper.cfbundle; includeInIndex = 0; path = RosterAppTests.xctest; sourceTree = BUILT_PRODUCTS_DIR; };
		200AB34E18848BF2002CCAD7 /* XCTest.framework */ = {isa = PBXFileReference; lastKnownFileType = wrapper.framework; name = XCTest.framework; path = Library/Frameworks/XCTest.framework; sourceTree = DEVELOPER_DIR; };
		200AB35618848BF2002CCAD7 /* RosterAppTests-Info.plist */ = {isa = PBXFileReference; lastKnownFileType = text.plist.xml; path = "RosterAppTests-Info.plist"; sourceTree = "<group>"; };
		200AB35818848BF2002CCAD7 /* en */ = {isa = PBXFileReference; lastKnownFileType = text.plist.strings; name = en; path = en.lproj/InfoPlist.strings; sourceTree = "<group>"; };
		200AB35A18848BF2002CCAD7 /* RosterAppTests.m */ = {isa = PBXFileReference; lastKnownFileType = sourcecode.c.objc; path = RosterAppTests.m; sourceTree = "<group>"; };
		200AB3641884941C002CCAD7 /* DetailsVC.h */ = {isa = PBXFileReference; fileEncoding = 4; lastKnownFileType = sourcecode.c.h; path = DetailsVC.h; sourceTree = "<group>"; };
		200AB3651884941C002CCAD7 /* DetailsVC.m */ = {isa = PBXFileReference; fileEncoding = 4; lastKnownFileType = sourcecode.c.objc; path = DetailsVC.m; sourceTree = "<group>"; };
		200CE98C1885DBFB0061AF5E /* Student.h */ = {isa = PBXFileReference; fileEncoding = 4; lastKnownFileType = sourcecode.c.h; path = Student.h; sourceTree = "<group>"; };
		200CE98D1885DBFB0061AF5E /* Student.m */ = {isa = PBXFileReference; fileEncoding = 4; lastKnownFileType = sourcecode.c.objc; path = Student.m; sourceTree = "<group>"; };
		200CE98F1885DCAE0061AF5E /* DataSource.h */ = {isa = PBXFileReference; fileEncoding = 4; lastKnownFileType = sourcecode.c.h; path = DataSource.h; sourceTree = "<group>"; };
		200CE9901885DCAE0061AF5E /* DataSource.m */ = {isa = PBXFileReference; fileEncoding = 4; lastKnownFileType = sourcecode.c.objc; path = DataSource.m; sourceTree = "<group>"; };
		200CE9921885DDB60061AF5E /* Person.h */ = {isa = PBXFileReference; fileEncoding = 4; lastKnownFileType = sourcecode.c.h; path = Person.h; sourceTree = "<group>"; };
		200CE9931885DDB60061AF5E /* Person.m */ = {isa = PBXFileReference; fileEncoding = 4; lastKnownFileType = sourcecode.c.objc; path = Person.m; sourceTree = "<group>"; };
		200CE9951885DF4F0061AF5E /* Teacher.h */ = {isa = PBXFileReference; fileEncoding = 4; lastKnownFileType = sourcecode.c.h; path = Teacher.h; sourceTree = "<group>"; };
		200CE9961885DF4F0061AF5E /* Teacher.m */ = {isa = PBXFileReference; fileEncoding = 4; lastKnownFileType = sourcecode.c.objc; path = Teacher.m; sourceTree = "<group>"; };
		200CE99B1885EDCE0061AF5E /* Bootcamp.plist */ = {isa = PBXFileReference; fileEncoding = 4; lastKnownFileType = text.plist.xml; path = Bootcamp.plist; sourceTree = "<group>"; };
		200CEB6E1888DCB70061AF5E /* NoPhotoIcon.jpeg */ = {isa = PBXFileReference; lastKnownFileType = image.jpeg; path = NoPhotoIcon.jpeg; sourceTree = "<group>"; };
/* End PBXFileReference section */

/* Begin PBXFrameworksBuildPhase section */
		200AB32918848BF1002CCAD7 /* Frameworks */ = {
			isa = PBXFrameworksBuildPhase;
			buildActionMask = 2147483647;
			files = (
				200AB33218848BF1002CCAD7 /* CoreGraphics.framework in Frameworks */,
				200AB33418848BF1002CCAD7 /* UIKit.framework in Frameworks */,
				200AB33018848BF1002CCAD7 /* Foundation.framework in Frameworks */,
			);
			runOnlyForDeploymentPostprocessing = 0;
		};
		200AB34A18848BF2002CCAD7 /* Frameworks */ = {
			isa = PBXFrameworksBuildPhase;
			buildActionMask = 2147483647;
			files = (
				200AB34F18848BF2002CCAD7 /* XCTest.framework in Frameworks */,
				200AB35118848BF2002CCAD7 /* UIKit.framework in Frameworks */,
				200AB35018848BF2002CCAD7 /* Foundation.framework in Frameworks */,
			);
			runOnlyForDeploymentPostprocessing = 0;
		};
/* End PBXFrameworksBuildPhase section */

/* Begin PBXGroup section */
		200AB32318848BF1002CCAD7 = {
			isa = PBXGroup;
			children = (
				200AB33518848BF1002CCAD7 /* RosterApp */,
				200AB35418848BF2002CCAD7 /* RosterAppTests */,
				200AB32E18848BF1002CCAD7 /* Frameworks */,
				200AB32D18848BF1002CCAD7 /* Products */,
			);
			sourceTree = "<group>";
		};
		200AB32D18848BF1002CCAD7 /* Products */ = {
			isa = PBXGroup;
			children = (
				200AB32C18848BF1002CCAD7 /* RosterApp.app */,
				200AB34D18848BF2002CCAD7 /* RosterAppTests.xctest */,
			);
			name = Products;
			sourceTree = "<group>";
		};
		200AB32E18848BF1002CCAD7 /* Frameworks */ = {
			isa = PBXGroup;
			children = (
				200AB32F18848BF1002CCAD7 /* Foundation.framework */,
				200AB33118848BF1002CCAD7 /* CoreGraphics.framework */,
				200AB33318848BF1002CCAD7 /* UIKit.framework */,
				200AB34E18848BF2002CCAD7 /* XCTest.framework */,
			);
			name = Frameworks;
			sourceTree = "<group>";
		};
		200AB33518848BF1002CCAD7 /* RosterApp */ = {
			isa = PBXGroup;
			children = (
				200CE9981885DF570061AF5E /* Models */,
				200AB33E18848BF1002CCAD7 /* CAMAppDelegate.h */,
				200AB33F18848BF1002CCAD7 /* CAMAppDelegate.m */,
				200AB34118848BF1002CCAD7 /* Main.storyboard */,
				200AB34418848BF1002CCAD7 /* CAMViewController.h */,
				200AB34518848BF1002CCAD7 /* CAMViewController.m */,
				200CE98F1885DCAE0061AF5E /* DataSource.h */,
				200CE9901885DCAE0061AF5E /* DataSource.m */,
				200AB3641884941C002CCAD7 /* DetailsVC.h */,
				200AB3651884941C002CCAD7 /* DetailsVC.m */,
				200CEB6E1888DCB70061AF5E /* NoPhotoIcon.jpeg */,
				200CE99B1885EDCE0061AF5E /* Bootcamp.plist */,
				200AB34718848BF2002CCAD7 /* Images.xcassets */,
				200AB33618848BF1002CCAD7 /* Supporting Files */,
			);
			path = RosterApp;
			sourceTree = "<group>";
		};
		200AB33618848BF1002CCAD7 /* Supporting Files */ = {
			isa = PBXGroup;
			children = (
				200AB33718848BF1002CCAD7 /* RosterApp-Info.plist */,
				200AB33818848BF1002CCAD7 /* InfoPlist.strings */,
				200AB33B18848BF1002CCAD7 /* main.m */,
				200AB33D18848BF1002CCAD7 /* RosterApp-Prefix.pch */,
			);
			name = "Supporting Files";
			sourceTree = "<group>";
		};
		200AB35418848BF2002CCAD7 /* RosterAppTests */ = {
			isa = PBXGroup;
			children = (
				200AB35A18848BF2002CCAD7 /* RosterAppTests.m */,
				200AB35518848BF2002CCAD7 /* Supporting Files */,
			);
			path = RosterAppTests;
			sourceTree = "<group>";
		};
		200AB35518848BF2002CCAD7 /* Supporting Files */ = {
			isa = PBXGroup;
			children = (
				200AB35618848BF2002CCAD7 /* RosterAppTests-Info.plist */,
				200AB35718848BF2002CCAD7 /* InfoPlist.strings */,
			);
			name = "Supporting Files";
			sourceTree = "<group>";
		};
		200CE9981885DF570061AF5E /* Models */ = {
			isa = PBXGroup;
			children = (
				200CE9921885DDB60061AF5E /* Person.h */,
				200CE9931885DDB60061AF5E /* Person.m */,
				200CE98C1885DBFB0061AF5E /* Student.h */,
				200CE98D1885DBFB0061AF5E /* Student.m */,
				200CE9951885DF4F0061AF5E /* Teacher.h */,
				200CE9961885DF4F0061AF5E /* Teacher.m */,
			);
			name = Models;
			sourceTree = "<group>";
		};
/* End PBXGroup section */

/* Begin PBXNativeTarget section */
		200AB32B18848BF1002CCAD7 /* RosterApp */ = {
			isa = PBXNativeTarget;
			buildConfigurationList = 200AB35E18848BF2002CCAD7 /* Build configuration list for PBXNativeTarget "RosterApp" */;
			buildPhases = (
				200AB32818848BF1002CCAD7 /* Sources */,
				200AB32918848BF1002CCAD7 /* Frameworks */,
				200AB32A18848BF1002CCAD7 /* Resources */,
			);
			buildRules = (
			);
			dependencies = (
			);
			name = RosterApp;
			productName = RosterApp;
			productReference = 200AB32C18848BF1002CCAD7 /* RosterApp.app */;
			productType = "com.apple.product-type.application";
		};
		200AB34C18848BF2002CCAD7 /* RosterAppTests */ = {
			isa = PBXNativeTarget;
			buildConfigurationList = 200AB36118848BF2002CCAD7 /* Build configuration list for PBXNativeTarget "RosterAppTests" */;
			buildPhases = (
				200AB34918848BF2002CCAD7 /* Sources */,
				200AB34A18848BF2002CCAD7 /* Frameworks */,
				200AB34B18848BF2002CCAD7 /* Resources */,
			);
			buildRules = (
			);
			dependencies = (
				200AB35318848BF2002CCAD7 /* PBXTargetDependency */,
			);
			name = RosterAppTests;
			productName = RosterAppTests;
			productReference = 200AB34D18848BF2002CCAD7 /* RosterAppTests.xctest */;
			productType = "com.apple.product-type.bundle.unit-test";
		};
/* End PBXNativeTarget section */

/* Begin PBXProject section */
		200AB32418848BF1002CCAD7 /* Project object */ = {
			isa = PBXProject;
			attributes = {
				CLASSPREFIX = CAM;
				LastUpgradeCheck = 0500;
				ORGANIZATIONNAME = "Chris Meehan";
				TargetAttributes = {
					200AB34C18848BF2002CCAD7 = {
						TestTargetID = 200AB32B18848BF1002CCAD7;
					};
				};
			};
			buildConfigurationList = 200AB32718848BF1002CCAD7 /* Build configuration list for PBXProject "RosterApp" */;
			compatibilityVersion = "Xcode 3.2";
			developmentRegion = English;
			hasScannedForEncodings = 0;
			knownRegions = (
				en,
				Base,
			);
			mainGroup = 200AB32318848BF1002CCAD7;
			productRefGroup = 200AB32D18848BF1002CCAD7 /* Products */;
			projectDirPath = "";
			projectRoot = "";
			targets = (
				200AB32B18848BF1002CCAD7 /* RosterApp */,
				200AB34C18848BF2002CCAD7 /* RosterAppTests */,
			);
		};
/* End PBXProject section */

/* Begin PBXResourcesBuildPhase section */
		200AB32A18848BF1002CCAD7 /* Resources */ = {
			isa = PBXResourcesBuildPhase;
			buildActionMask = 2147483647;
			files = (
				200AB34818848BF2002CCAD7 /* Images.xcassets in Resources */,
				200CEB6F1888DCB70061AF5E /* NoPhotoIcon.jpeg in Resources */,
				200AB33A18848BF1002CCAD7 /* InfoPlist.strings in Resources */,
				200CE99C1885EDCE0061AF5E /* Bootcamp.plist in Resources */,
				200AB34318848BF1002CCAD7 /* Main.storyboard in Resources */,
			);
			runOnlyForDeploymentPostprocessing = 0;
		};
		200AB34B18848BF2002CCAD7 /* Resources */ = {
			isa = PBXResourcesBuildPhase;
			buildActionMask = 2147483647;
			files = (
				200AB35918848BF2002CCAD7 /* InfoPlist.strings in Resources */,
			);
			runOnlyForDeploymentPostprocessing = 0;
		};
/* End PBXResourcesBuildPhase section */

/* Begin PBXSourcesBuildPhase section */
		200AB32818848BF1002CCAD7 /* Sources */ = {
			isa = PBXSourcesBuildPhase;
			buildActionMask = 2147483647;
			files = (
				200CE9971885DF4F0061AF5E /* Teacher.m in Sources */,
				200AB34618848BF1002CCAD7 /* CAMViewController.m in Sources */,
				200AB34018848BF1002CCAD7 /* CAMAppDelegate.m in Sources */,
				200CE9941885DDB60061AF5E /* Person.m in Sources */,
				200CE9911885DCAE0061AF5E /* DataSource.m in Sources */,
				200CE98E1885DBFB0061AF5E /* Student.m in Sources */,
				200AB3661884941C002CCAD7 /* DetailsVC.m in Sources */,
				200AB33C18848BF1002CCAD7 /* main.m in Sources */,
			);
			runOnlyForDeploymentPostprocessing = 0;
		};
		200AB34918848BF2002CCAD7 /* Sources */ = {
			isa = PBXSourcesBuildPhase;
			buildActionMask = 2147483647;
			files = (
				200AB35B18848BF2002CCAD7 /* RosterAppTests.m in Sources */,
			);
			runOnlyForDeploymentPostprocessing = 0;
		};
/* End PBXSourcesBuildPhase section */

/* Begin PBXTargetDependency section */
		200AB35318848BF2002CCAD7 /* PBXTargetDependency */ = {
			isa = PBXTargetDependency;
			target = 200AB32B18848BF1002CCAD7 /* RosterApp */;
			targetProxy = 200AB35218848BF2002CCAD7 /* PBXContainerItemProxy */;
		};
/* End PBXTargetDependency section */

/* Begin PBXVariantGroup section */
		200AB33818848BF1002CCAD7 /* InfoPlist.strings */ = {
			isa = PBXVariantGroup;
			children = (
				200AB33918848BF1002CCAD7 /* en */,
			);
			name = InfoPlist.strings;
			sourceTree = "<group>";
		};
		200AB34118848BF1002CCAD7 /* Main.storyboard */ = {
			isa = PBXVariantGroup;
			children = (
				200AB34218848BF1002CCAD7 /* Base */,
			);
			name = Main.storyboard;
			sourceTree = "<group>";
		};
		200AB35718848BF2002CCAD7 /* InfoPlist.strings */ = {
			isa = PBXVariantGroup;
			children = (
				200AB35818848BF2002CCAD7 /* en */,
			);
			name = InfoPlist.strings;
			sourceTree = "<group>";
		};
/* End PBXVariantGroup section */

/* Begin XCBuildConfiguration section */
		200AB35C18848BF2002CCAD7 /* Debug */ = {
			isa = XCBuildConfiguration;
			buildSettings = {
				ALWAYS_SEARCH_USER_PATHS = NO;
				ARCHS = "$(ARCHS_STANDARD_INCLUDING_64_BIT)";
				CLANG_CXX_LANGUAGE_STANDARD = "gnu++0x";
				CLANG_CXX_LIBRARY = "libc++";
				CLANG_ENABLE_MODULES = YES;
				CLANG_ENABLE_OBJC_ARC = YES;
				CLANG_WARN_BOOL_CONVERSION = YES;
				CLANG_WARN_CONSTANT_CONVERSION = YES;
				CLANG_WARN_DIRECT_OBJC_ISA_USAGE = YES_ERROR;
				CLANG_WARN_EMPTY_BODY = YES;
				CLANG_WARN_ENUM_CONVERSION = YES;
				CLANG_WARN_INT_CONVERSION = YES;
				CLANG_WARN_OBJC_ROOT_CLASS = YES_ERROR;
				CLANG_WARN__DUPLICATE_METHOD_MATCH = YES;
				"CODE_SIGN_IDENTITY[sdk=iphoneos*]" = "iPhone Developer";
				COPY_PHASE_STRIP = NO;
				GCC_C_LANGUAGE_STANDARD = gnu99;
				GCC_DYNAMIC_NO_PIC = NO;
				GCC_OPTIMIZATION_LEVEL = 0;
				GCC_PREPROCESSOR_DEFINITIONS = (
					"DEBUG=1",
					"$(inherited)",
				);
				GCC_SYMBOLS_PRIVATE_EXTERN = NO;
				GCC_WARN_64_TO_32_BIT_CONVERSION = YES;
				GCC_WARN_ABOUT_RETURN_TYPE = YES_ERROR;
				GCC_WARN_UNDECLARED_SELECTOR = YES;
				GCC_WARN_UNINITIALIZED_AUTOS = YES;
				GCC_WARN_UNUSED_FUNCTION = YES;
				GCC_WARN_UNUSED_VARIABLE = YES;
				IPHONEOS_DEPLOYMENT_TARGET = 7.0;
				ONLY_ACTIVE_ARCH = YES;
				SDKROOT = iphoneos;
			};
			name = Debug;
		};
		200AB35D18848BF2002CCAD7 /* Release */ = {
			isa = XCBuildConfiguration;
			buildSettings = {
				ALWAYS_SEARCH_USER_PATHS = NO;
				ARCHS = "$(ARCHS_STANDARD_INCLUDING_64_BIT)";
				CLANG_CXX_LANGUAGE_STANDARD = "gnu++0x";
				CLANG_CXX_LIBRARY = "libc++";
				CLANG_ENABLE_MODULES = YES;
				CLANG_ENABLE_OBJC_ARC = YES;
				CLANG_WARN_BOOL_CONVERSION = YES;
				CLANG_WARN_CONSTANT_CONVERSION = YES;
				CLANG_WARN_DIRECT_OBJC_ISA_USAGE = YES_ERROR;
				CLANG_WARN_EMPTY_BODY = YES;
				CLANG_WARN_ENUM_CONVERSION = YES;
				CLANG_WARN_INT_CONVERSION = YES;
				CLANG_WARN_OBJC_ROOT_CLASS = YES_ERROR;
				CLANG_WARN__DUPLICATE_METHOD_MATCH = YES;
				"CODE_SIGN_IDENTITY[sdk=iphoneos*]" = "iPhone Developer";
				COPY_PHASE_STRIP = YES;
				ENABLE_NS_ASSERTIONS = NO;
				GCC_C_LANGUAGE_STANDARD = gnu99;
				GCC_WARN_64_TO_32_BIT_CONVERSION = YES;
				GCC_WARN_ABOUT_RETURN_TYPE = YES_ERROR;
				GCC_WARN_UNDECLARED_SELECTOR = YES;
				GCC_WARN_UNINITIALIZED_AUTOS = YES;
				GCC_WARN_UNUSED_FUNCTION = YES;
				GCC_WARN_UNUSED_VARIABLE = YES;
				IPHONEOS_DEPLOYMENT_TARGET = 7.0;
				SDKROOT = iphoneos;
				VALIDATE_PRODUCT = YES;
			};
			name = Release;
		};
		200AB35F18848BF2002CCAD7 /* Debug */ = {
			isa = XCBuildConfiguration;
			buildSettings = {
				ASSETCATALOG_COMPILER_APPICON_NAME = AppIcon;
				ASSETCATALOG_COMPILER_LAUNCHIMAGE_NAME = LaunchImage;
				GCC_PRECOMPILE_PREFIX_HEADER = YES;
				GCC_PREFIX_HEADER = "RosterApp/RosterApp-Prefix.pch";
				INFOPLIST_FILE = "RosterApp/RosterApp-Info.plist";
				PRODUCT_NAME = "$(TARGET_NAME)";
				WRAPPER_EXTENSION = app;
			};
			name = Debug;
		};
		200AB36018848BF2002CCAD7 /* Release */ = {
			isa = XCBuildConfiguration;
			buildSettings = {
				ASSETCATALOG_COMPILER_APPICON_NAME = AppIcon;
				ASSETCATALOG_COMPILER_LAUNCHIMAGE_NAME = LaunchImage;
				GCC_PRECOMPILE_PREFIX_HEADER = YES;
				GCC_PREFIX_HEADER = "RosterApp/RosterApp-Prefix.pch";
				INFOPLIST_FILE = "RosterApp/RosterApp-Info.plist";
				PRODUCT_NAME = "$(TARGET_NAME)";
				WRAPPER_EXTENSION = app;
			};
			name = Release;
		};
		200AB36218848BF2002CCAD7 /* Debug */ = {
			isa = XCBuildConfiguration;
			buildSettings = {
				ARCHS = "$(ARCHS_STANDARD_INCLUDING_64_BIT)";
				BUNDLE_LOADER = "$(BUILT_PRODUCTS_DIR)/RosterApp.app/RosterApp";
				FRAMEWORK_SEARCH_PATHS = (
					"$(SDKROOT)/Developer/Library/Frameworks",
					"$(inherited)",
					"$(DEVELOPER_FRAMEWORKS_DIR)",
				);
				GCC_PRECOMPILE_PREFIX_HEADER = YES;
				GCC_PREFIX_HEADER = "RosterApp/RosterApp-Prefix.pch";
				GCC_PREPROCESSOR_DEFINITIONS = (
					"DEBUG=1",
					"$(inherited)",
				);
				INFOPLIST_FILE = "RosterAppTests/RosterAppTests-Info.plist";
				PRODUCT_NAME = "$(TARGET_NAME)";
				TEST_HOST = "$(BUNDLE_LOADER)";
				WRAPPER_EXTENSION = xctest;
			};
			name = Debug;
		};
		200AB36318848BF2002CCAD7 /* Release */ = {
			isa = XCBuildConfiguration;
			buildSettings = {
				ARCHS = "$(ARCHS_STANDARD_INCLUDING_64_BIT)";
				BUNDLE_LOADER = "$(BUILT_PRODUCTS_DIR)/RosterApp.app/RosterApp";
				FRAMEWORK_SEARCH_PATHS = (
					"$(SDKROOT)/Developer/Library/Frameworks",
					"$(inherited)",
					"$(DEVELOPER_FRAMEWORKS_DIR)",
				);
				GCC_PRECOMPILE_PREFIX_HEADER = YES;
				GCC_PREFIX_HEADER = "RosterApp/RosterApp-Prefix.pch";
				INFOPLIST_FILE = "RosterAppTests/RosterAppTests-Info.plist";
				PRODUCT_NAME = "$(TARGET_NAME)";
				TEST_HOST = "$(BUNDLE_LOADER)";
				WRAPPER_EXTENSION = xctest;
			};
			name = Release;
		};
/* End XCBuildConfiguration section */

/* Begin XCConfigurationList section */
		200AB32718848BF1002CCAD7 /* Build configuration list for PBXProject "RosterApp" */ = {
			isa = XCConfigurationList;
			buildConfigurations = (
				200AB35C18848BF2002CCAD7 /* Debug */,
				200AB35D18848BF2002CCAD7 /* Release */,
			);
			defaultConfigurationIsVisible = 0;
			defaultConfigurationName = Release;
		};
		200AB35E18848BF2002CCAD7 /* Build configuration list for PBXNativeTarget "RosterApp" */ = {
			isa = XCConfigurationList;
			buildConfigurations = (
				200AB35F18848BF2002CCAD7 /* Debug */,
				200AB36018848BF2002CCAD7 /* Release */,
			);
			defaultConfigurationIsVisible = 0;
			defaultConfigurationName = Release;
		};
		200AB36118848BF2002CCAD7 /* Build configuration list for PBXNativeTarget "RosterAppTests" */ = {
			isa = XCConfigurationList;
			buildConfigurations = (
				200AB36218848BF2002CCAD7 /* Debug */,
				200AB36318848BF2002CCAD7 /* Release */,
			);
			defaultConfigurationIsVisible = 0;
			defaultConfigurationName = Release;
		};
/* End XCConfigurationList section */
	};
	rootObject = 200AB32418848BF1002CCAD7 /* Project object */;
}
